
Microsoft Visual Studio Solution File, Format Version 12.00
# Visual Studio Version 16
VisualStudioVersion = 16.0.30523.141
MinimumVisualStudioVersion = 10.0.40219.1
Project("{9A19103F-16F7-4668-BE54-9A1E7A4F7556}") = "WebApp", "CleanArchStartingProject\WebApp.csproj", "{F44A7A71-9724-4FA0-BA92-59BEEE9F1389}"
EndProject
Project("{9A19103F-16F7-4668-BE54-9A1E7A4F7556}") = "Entities", "Domain\Entities.csproj", "{47B4224A-788A-47A7-AD96-107122F17B18}"
EndProject
Project("{9A19103F-16F7-4668-BE54-9A1E7A4F7556}") = "DataAccess.MsSql", "DataAccess\DataAccess.MsSql.csproj", "{872ECAF9-80EB-4CCF-A960-C7CCAD72EE28}"
EndProject
Project("{9A19103F-16F7-4668-BE54-9A1E7A4F7556}") = "Mobile.UseCases", "Application\Mobile.UseCases.csproj", "{47E6574D-3B4E-4546-A733-E2772F43DF01}"
EndProject
Project("{9A19103F-16F7-4668-BE54-9A1E7A4F7556}") = "Utils", "Utils\Utils.csproj", "{946C39F6-9781-4197-BA45-AFC877067BB0}"
EndProject
Project("{9A19103F-16F7-4668-BE54-9A1E7A4F7556}") = "DomainServices.Interfaces", "DomainServices.Interfaces\DomainServices.Interfaces.csproj", "{889F1295-CAD0-4A28-8470-4DF75313ED79}"
EndProject
Project("{9A19103F-16F7-4668-BE54-9A1E7A4F7556}") = "DomainServices.Implementation", "DomainServices.Implementation\DomainServices.Implementation.csproj", "{7DA0CFE4-5E93-47D2-9D3A-7FAA11076B5D}"
EndProject
Project("{2150E333-8FDC-42A3-9474-1A3956D46DE8}") = "0. Utils", "0. Utils", "{43D6EE9C-9827-4451-9AEB-0F9412D9385D}"
EndProject
Project("{2150E333-8FDC-42A3-9474-1A3956D46DE8}") = "1. Entities", "1. Entities", "{ED61AABC-50DB-4176-A11E-6CF4F752AF01}"
EndProject
Project("{9A19103F-16F7-4668-BE54-9A1E7A4F7556}") = "DataAccess.Interfaces", "DataAccess.Interfaces\DataAccess.Interfaces.csproj", "{42CF42D0-5DB2-41B1-85A1-74B61DE1EF9C}"
EndProject
Project("{9A19103F-16F7-4668-BE54-9A1E7A4F7556}") = "Email.MailHandler", "Infrastructure.Implementation\Email.MailHandler.csproj", "{21C9B9AB-B3ED-45AB-AB7F-BB5251638586}"
EndProject
Project("{2150E333-8FDC-42A3-9474-1A3956D46DE8}") = "2. Infrastructure.Interfaces", "2. Infrastructure.Interfaces", "{6901E6E5-32BA-4CB3-B991-D568A5E748B1}"
EndProject
Project("{2150E333-8FDC-42A3-9474-1A3956D46DE8}") = "4. Infrastructure.Implementation", "4. Infrastructure.Implementation", "{CBC63B5B-A41B-4DFA-9BE8-64E76F41CA51}"
EndProject
Project("{9A19103F-16F7-4668-BE54-9A1E7A4F7556}") = "Email.Interfaces", "Email.Interfaces\Email.Interfaces.csproj", "{906AEF8C-74CC-4951-96CE-E6268CE3C7B9}"
EndProject
Project("{9A19103F-16F7-4668-BE54-9A1E7A4F7556}") = "WebApp.Interfaces", "WebApp.Interfaces\WebApp.Interfaces.csproj", "{68B392E9-6C81-4171-9FBE-B5E7D50762FD}"
EndProject
Project("{9A19103F-16F7-4668-BE54-9A1E7A4F7556}") = "ApplicationServices.Interfaces", "ApplicationService.Interfaces\ApplicationServices.Interfaces.csproj", "{D572A6E7-943A-4D52-AC19-B01F854D04BB}"
EndProject
Project("{9A19103F-16F7-4668-BE54-9A1E7A4F7556}") = "ApplicationServices.Implementation", "ApplicationServices.Implementation\ApplicationServices.Implementation.csproj", "{3A88F984-1479-423B-9B13-DEDEA62BFA31}"
EndProject
Project("{2150E333-8FDC-42A3-9474-1A3956D46DE8}") = "3. Application", "3. Application", "{CF927D9C-EB83-4BF7-B4FC-D571540EB252}"
EndProject
Project("{9A19103F-16F7-4668-BE54-9A1E7A4F7556}") = "Mobile.Controllers", "Controllers\Mobile.Controllers.csproj", "{041F4144-296E-44C1-8535-563F1AB65B9C}"
EndProject
Project("{9A19103F-16F7-4668-BE54-9A1E7A4F7556}") = "WebApi.Controllers", "WebApi.Controllers\WebApi.Controllers.csproj", "{D046842C-3F23-4D0F-B40D-C49DFF84C64D}"
EndProject
Project("{2150E333-8FDC-42A3-9474-1A3956D46DE8}") = "Mobile", "Mobile", "{0FED6122-D14C-4541-AEBE-2E704440CB8A}"
EndProject
Project("{2150E333-8FDC-42A3-9474-1A3956D46DE8}") = "Web", "Web", "{052DD53D-B949-4EF2-87E6-1E44E24F54DC}"
EndProject
Project("{9A19103F-16F7-4668-BE54-9A1E7A4F7556}") = "Web.UseCases", "Web.UseCases\Web.UseCases.csproj", "{9CAB8984-6B48-4D23-ABD8-09B762C75936}"
EndProject
Project("{FAE04EC0-301F-11D3-BF4B-00C04F79EFBC}") = "Delivery.Interfaces", "DeliveryInterfaces\Delivery.Interfaces.csproj", "{4E242876-2F0F-4EDE-9DFA-7A185F948B94}"
EndProject
Project("{FAE04EC0-301F-11D3-BF4B-00C04F79EFBC}") = "Delivery.MyDelivery", "Delivery.Implementations\Delivery.MyDelivery.csproj", "{494F17E1-F754-4A00-BF53-6511F1ECE9F1}"
EndProject
Global
	GlobalSection(SolutionConfigurationPlatforms) = preSolution
		Debug|Any CPU = Debug|Any CPU
		Release|Any CPU = Release|Any CPU
	EndGlobalSection
	GlobalSection(ProjectConfigurationPlatforms) = postSolution
		{F44A7A71-9724-4FA0-BA92-59BEEE9F1389}.Debug|Any CPU.ActiveCfg = Debug|Any CPU
		{F44A7A71-9724-4FA0-BA92-59BEEE9F1389}.Debug|Any CPU.Build.0 = Debug|Any CPU
		{F44A7A71-9724-4FA0-BA92-59BEEE9F1389}.Release|Any CPU.ActiveCfg = Release|Any CPU
		{F44A7A71-9724-4FA0-BA92-59BEEE9F1389}.Release|Any CPU.Build.0 = Release|Any CPU
		{47B4224A-788A-47A7-AD96-107122F17B18}.Debug|Any CPU.ActiveCfg = Debug|Any CPU
		{47B4224A-788A-47A7-AD96-107122F17B18}.Debug|Any CPU.Build.0 = Debug|Any CPU
		{47B4224A-788A-47A7-AD96-107122F17B18}.Release|Any CPU.ActiveCfg = Release|Any CPU
		{47B4224A-788A-47A7-AD96-107122F17B18}.Release|Any CPU.Build.0 = Release|Any CPU
		{872ECAF9-80EB-4CCF-A960-C7CCAD72EE28}.Debug|Any CPU.ActiveCfg = Debug|Any CPU
		{872ECAF9-80EB-4CCF-A960-C7CCAD72EE28}.Debug|Any CPU.Build.0 = Debug|Any CPU
		{872ECAF9-80EB-4CCF-A960-C7CCAD72EE28}.Release|Any CPU.ActiveCfg = Release|Any CPU
		{872ECAF9-80EB-4CCF-A960-C7CCAD72EE28}.Release|Any CPU.Build.0 = Release|Any CPU
		{47E6574D-3B4E-4546-A733-E2772F43DF01}.Debug|Any CPU.ActiveCfg = Debug|Any CPU
		{47E6574D-3B4E-4546-A733-E2772F43DF01}.Debug|Any CPU.Build.0 = Debug|Any CPU
		{47E6574D-3B4E-4546-A733-E2772F43DF01}.Release|Any CPU.ActiveCfg = Release|Any CPU
		{47E6574D-3B4E-4546-A733-E2772F43DF01}.Release|Any CPU.Build.0 = Release|Any CPU
		{946C39F6-9781-4197-BA45-AFC877067BB0}.Debug|Any CPU.ActiveCfg = Debug|Any CPU
		{946C39F6-9781-4197-BA45-AFC877067BB0}.Debug|Any CPU.Build.0 = Debug|Any CPU
		{946C39F6-9781-4197-BA45-AFC877067BB0}.Release|Any CPU.ActiveCfg = Release|Any CPU
		{946C39F6-9781-4197-BA45-AFC877067BB0}.Release|Any CPU.Build.0 = Release|Any CPU
		{889F1295-CAD0-4A28-8470-4DF75313ED79}.Debug|Any CPU.ActiveCfg = Debug|Any CPU
		{889F1295-CAD0-4A28-8470-4DF75313ED79}.Debug|Any CPU.Build.0 = Debug|Any CPU
		{889F1295-CAD0-4A28-8470-4DF75313ED79}.Release|Any CPU.ActiveCfg = Release|Any CPU
		{889F1295-CAD0-4A28-8470-4DF75313ED79}.Release|Any CPU.Build.0 = Release|Any CPU
		{7DA0CFE4-5E93-47D2-9D3A-7FAA11076B5D}.Debug|Any CPU.ActiveCfg = Debug|Any CPU
		{7DA0CFE4-5E93-47D2-9D3A-7FAA11076B5D}.Debug|Any CPU.Build.0 = Debug|Any CPU
		{7DA0CFE4-5E93-47D2-9D3A-7FAA11076B5D}.Release|Any CPU.ActiveCfg = Release|Any CPU
		{7DA0CFE4-5E93-47D2-9D3A-7FAA11076B5D}.Release|Any CPU.Build.0 = Release|Any CPU
		{42CF42D0-5DB2-41B1-85A1-74B61DE1EF9C}.Debug|Any CPU.ActiveCfg = Debug|Any CPU
		{42CF42D0-5DB2-41B1-85A1-74B61DE1EF9C}.Debug|Any CPU.Build.0 = Debug|Any CPU
		{42CF42D0-5DB2-41B1-85A1-74B61DE1EF9C}.Release|Any CPU.ActiveCfg = Release|Any CPU
		{42CF42D0-5DB2-41B1-85A1-74B61DE1EF9C}.Release|Any CPU.Build.0 = Release|Any CPU
		{21C9B9AB-B3ED-45AB-AB7F-BB5251638586}.Debug|Any CPU.ActiveCfg = Debug|Any CPU
		{21C9B9AB-B3ED-45AB-AB7F-BB5251638586}.Debug|Any CPU.Build.0 = Debug|Any CPU
		{21C9B9AB-B3ED-45AB-AB7F-BB5251638586}.Release|Any CPU.ActiveCfg = Release|Any CPU
		{21C9B9AB-B3ED-45AB-AB7F-BB5251638586}.Release|Any CPU.Build.0 = Release|Any CPU
		{906AEF8C-74CC-4951-96CE-E6268CE3C7B9}.Debug|Any CPU.ActiveCfg = Debug|Any CPU
		{906AEF8C-74CC-4951-96CE-E6268CE3C7B9}.Debug|Any CPU.Build.0 = Debug|Any CPU
		{906AEF8C-74CC-4951-96CE-E6268CE3C7B9}.Release|Any CPU.ActiveCfg = Release|Any CPU
		{906AEF8C-74CC-4951-96CE-E6268CE3C7B9}.Release|Any CPU.Build.0 = Release|Any CPU
		{68B392E9-6C81-4171-9FBE-B5E7D50762FD}.Debug|Any CPU.ActiveCfg = Debug|Any CPU
		{68B392E9-6C81-4171-9FBE-B5E7D50762FD}.Debug|Any CPU.Build.0 = Debug|Any CPU
		{68B392E9-6C81-4171-9FBE-B5E7D50762FD}.Release|Any CPU.ActiveCfg = Release|Any CPU
		{68B392E9-6C81-4171-9FBE-B5E7D50762FD}.Release|Any CPU.Build.0 = Release|Any CPU
		{D572A6E7-943A-4D52-AC19-B01F854D04BB}.Debug|Any CPU.ActiveCfg = Debug|Any CPU
		{D572A6E7-943A-4D52-AC19-B01F854D04BB}.Debug|Any CPU.Build.0 = Debug|Any CPU
		{D572A6E7-943A-4D52-AC19-B01F854D04BB}.Release|Any CPU.ActiveCfg = Release|Any CPU
		{D572A6E7-943A-4D52-AC19-B01F854D04BB}.Release|Any CPU.Build.0 = Release|Any CPU
		{3A88F984-1479-423B-9B13-DEDEA62BFA31}.Debug|Any CPU.ActiveCfg = Debug|Any CPU
		{3A88F984-1479-423B-9B13-DEDEA62BFA31}.Debug|Any CPU.Build.0 = Debug|Any CPU
		{3A88F984-1479-423B-9B13-DEDEA62BFA31}.Release|Any CPU.ActiveCfg = Release|Any CPU
		{3A88F984-1479-423B-9B13-DEDEA62BFA31}.Release|Any CPU.Build.0 = Release|Any CPU
		{041F4144-296E-44C1-8535-563F1AB65B9C}.Debug|Any CPU.ActiveCfg = Debug|Any CPU
		{041F4144-296E-44C1-8535-563F1AB65B9C}.Debug|Any CPU.Build.0 = Debug|Any CPU
		{041F4144-296E-44C1-8535-563F1AB65B9C}.Release|Any CPU.ActiveCfg = Release|Any CPU
		{041F4144-296E-44C1-8535-563F1AB65B9C}.Release|Any CPU.Build.0 = Release|Any CPU
		{D046842C-3F23-4D0F-B40D-C49DFF84C64D}.Debug|Any CPU.ActiveCfg = Debug|Any CPU
		{D046842C-3F23-4D0F-B40D-C49DFF84C64D}.Debug|Any CPU.Build.0 = Debug|Any CPU
		{D046842C-3F23-4D0F-B40D-C49DFF84C64D}.Release|Any CPU.ActiveCfg = Release|Any CPU
		{D046842C-3F23-4D0F-B40D-C49DFF84C64D}.Release|Any CPU.Build.0 = Release|Any CPU
		{9CAB8984-6B48-4D23-ABD8-09B762C75936}.Debug|Any CPU.ActiveCfg = Debug|Any CPU
		{9CAB8984-6B48-4D23-ABD8-09B762C75936}.Debug|Any CPU.Build.0 = Debug|Any CPU
		{9CAB8984-6B48-4D23-ABD8-09B762C75936}.Release|Any CPU.ActiveCfg = Release|Any CPU
		{9CAB8984-6B48-4D23-ABD8-09B762C75936}.Release|Any CPU.Build.0 = Release|Any CPU
		{4E242876-2F0F-4EDE-9DFA-7A185F948B94}.Debug|Any CPU.ActiveCfg = Debug|Any CPU
		{4E242876-2F0F-4EDE-9DFA-7A185F948B94}.Debug|Any CPU.Build.0 = Debug|Any CPU
		{4E242876-2F0F-4EDE-9DFA-7A185F948B94}.Release|Any CPU.ActiveCfg = Release|Any CPU
		{4E242876-2F0F-4EDE-9DFA-7A185F948B94}.Release|Any CPU.Build.0 = Release|Any CPU
		{494F17E1-F754-4A00-BF53-6511F1ECE9F1}.Debug|Any CPU.ActiveCfg = Debug|Any CPU
		{494F17E1-F754-4A00-BF53-6511F1ECE9F1}.Debug|Any CPU.Build.0 = Debug|Any CPU
		{494F17E1-F754-4A00-BF53-6511F1ECE9F1}.Release|Any CPU.ActiveCfg = Release|Any CPU
		{494F17E1-F754-4A00-BF53-6511F1ECE9F1}.Release|Any CPU.Build.0 = Release|Any CPU
	EndGlobalSection
	GlobalSection(SolutionProperties) = preSolution
		HideSolutionNode = FALSE
	EndGlobalSection
	GlobalSection(NestedProjects) = preSolution
		{47B4224A-788A-47A7-AD96-107122F17B18} = {ED61AABC-50DB-4176-A11E-6CF4F752AF01}
		{872ECAF9-80EB-4CCF-A960-C7CCAD72EE28} = {CBC63B5B-A41B-4DFA-9BE8-64E76F41CA51}
		{47E6574D-3B4E-4546-A733-E2772F43DF01} = {0FED6122-D14C-4541-AEBE-2E704440CB8A}
		{946C39F6-9781-4197-BA45-AFC877067BB0} = {43D6EE9C-9827-4451-9AEB-0F9412D9385D}
		{889F1295-CAD0-4A28-8470-4DF75313ED79} = {ED61AABC-50DB-4176-A11E-6CF4F752AF01}
		{7DA0CFE4-5E93-47D2-9D3A-7FAA11076B5D} = {ED61AABC-50DB-4176-A11E-6CF4F752AF01}
		{42CF42D0-5DB2-41B1-85A1-74B61DE1EF9C} = {6901E6E5-32BA-4CB3-B991-D568A5E748B1}
		{21C9B9AB-B3ED-45AB-AB7F-BB5251638586} = {CBC63B5B-A41B-4DFA-9BE8-64E76F41CA51}
		{906AEF8C-74CC-4951-96CE-E6268CE3C7B9} = {6901E6E5-32BA-4CB3-B991-D568A5E748B1}
		{68B392E9-6C81-4171-9FBE-B5E7D50762FD} = {6901E6E5-32BA-4CB3-B991-D568A5E748B1}
		{D572A6E7-943A-4D52-AC19-B01F854D04BB} = {CF927D9C-EB83-4BF7-B4FC-D571540EB252}
		{3A88F984-1479-423B-9B13-DEDEA62BFA31} = {CF927D9C-EB83-4BF7-B4FC-D571540EB252}
		{041F4144-296E-44C1-8535-563F1AB65B9C} = {0FED6122-D14C-4541-AEBE-2E704440CB8A}
		{D046842C-3F23-4D0F-B40D-C49DFF84C64D} = {052DD53D-B949-4EF2-87E6-1E44E24F54DC}
		{9CAB8984-6B48-4D23-ABD8-09B762C75936} = {052DD53D-B949-4EF2-87E6-1E44E24F54DC}
		{4E242876-2F0F-4EDE-9DFA-7A185F948B94} = {6901E6E5-32BA-4CB3-B991-D568A5E748B1}
		{494F17E1-F754-4A00-BF53-6511F1ECE9F1} = {CBC63B5B-A41B-4DFA-9BE8-64E76F41CA51}
	EndGlobalSection
	GlobalSection(ExtensibilityGlobals) = postSolution
		SolutionGuid = {AD276751-C1A2-4600-BD67-48A04E8C1388}
	EndGlobalSection
EndGlobal
